<?xml version="1.0" encoding="utf-8"?>
<Project ToolsVersion="4.0" xmlns="http://schemas.microsoft.com/developer/msbuild/2003">
  <ItemGroup>
    <Filter Include="include">
      <UniqueIdentifier>{9b4a4897-f988-4619-a8dc-a38727e586ae}</UniqueIdentifier>
    </Filter>
    <Filter Include="src">
      <UniqueIdentifier>{18d3f5c5-9f55-4e2f-b627-bba94d4851f2}</UniqueIdentifier>
    </Filter>
  </ItemGroup>
  <ItemGroup>
    <ClInclude Include="..\include\slothxml.h">
      <Filter>include</Filter>
    </ClInclude>
    <ClInclude Include="..\src\perf_test.h">
      <Filter>src</Filter>
    </ClInclude>
    <ClInclude Include="..\src\sample_test.h">
      <Filter>src</Filter>
    </ClInclude>
  </ItemGroup>
  <ItemGroup>
    <ClCompile Include="..\include\slothxml.cpp">
      <Filter>include</Filter>
    </ClCompile>
    <ClCompile Include="..\src\main.cpp">
      <Filter>src</Filter>
    </ClCompile>
    <ClCompile Include="..\src\perf_test.cpp">
      <Filter>src</Filter>
    </ClCompile>
    <ClCompile Include="..\src\sample_test.cpp">
      <Filter>src</Filter>
    </ClCompile>
  </ItemGroup>
</Project>